
Microsoft Visual Studio Solution File, Format Version 12.00
# Visual Studio 15
VisualStudioVersion = 15.0.26430.14
MinimumVisualStudioVersion = 10.0.40219.1
Project("{FAE04EC0-301F-11D3-BF4B-00C04F79EFBC}") = "Fusen", "Fusen\Fusen.csproj", "{502C700C-CE63-48BE-98D7-D50EB5653DAB}"
EndProject
Global
	GlobalSection(SolutionConfigurationPlatforms) = preSolution
		Debug|Any CPU = Debug|Any CPU
		Release|Any CPU = Release|Any CPU
	EndGlobalSection
	GlobalSection(ProjectConfigurationPlatforms) = postSolution
		{502C700C-CE63-48BE-98D7-D50EB5653DAB}.Debug|Any CPU.ActiveCfg = Debug|Any CPU
		{502C700C-CE63-48BE-98D7-D50EB5653DAB}.Debug|Any CPU.Build.0 = Debug|Any CPU
		{502C700C-CE63-48BE-98D7-D50EB5653DAB}.Release|Any CPU.ActiveCfg = Release|Any CPU
		{502C700C-CE63-48BE-98D7-D50EB5653DAB}.Release|Any CPU.Build.0 = Release|Any CPU
	EndGlobalSection
	GlobalSection(SolutionProperties) = preSolution
		HideSolutionNode = FALSE
	EndGlobalSection
EndGlobal
